{
  "object": {
    "pins": [
      {
        "package": "RxSwift",
        "repositoryURL": "https://github.com/ReactiveX/RxSwift.git",
        "state": {
          "branch": null,
          "revision": "b4307ba0b6425c0ba4178e138799946c3da594f8",
          "version": "6.5.0"
        }
      },
      {
        "package": "SignalRClient",
        "repositoryURL": "https://github.com/moozzyk/SignalR-Client-Swift.git",
        "state": {
          "branch": null,
          "revision": "2e1465d16f2489c70f8925568130d04cb1f17049",
          "version": "0.9.4"
        }
      }
    ]
  },
  "version": 1
}
